{
  "name": "winax",
  "version": "3.1.0",
  "lockfileVersion": 2,
  "requires": true,
  "packages": {
    "": {
      "name": "winax",
      "version": "3.1.0",
      "license": "MIT",
      "os": [
        "win32"
      ],
      "bin": {
        "nodewscript": "NodeWScript.js"
      },
      "devDependencies": {},
      "engines": {
        "node": ">= 8.0.0"
      }
    }
  }
}
