{
  "name": "winax",
  "version": "3.6.9",
  "lockfileVersion": 3,
  "requires": true,
  "packages": {
    "": {
      "name": "winax",
      "version": "3.6.9",
      "license": "MIT",
      "bin": {
        "nodewscript": "NodeWScript.js"
      },
      "devDependencies": {},
      "engines": {
        "node": ">= 10.0.0"
      }
    }
  }
}
